
Microsoft Visual Studio Solution File, Format Version 12.00
# Visual Studio Version 17
VisualStudioVersion = 17.10.35013.160
MinimumVisualStudioVersion = 10.0.40219.1
Project("{FAE04EC0-301F-11D3-BF4B-00C04F79EFBC}") = "Ex2", "Ex2\Ex2.csproj", "{DAFB5D8E-311F-46D3-844B-1382C559A0F9}"
EndProject
Global
	GlobalSection(SolutionConfigurationPlatforms) = preSolution
		Debug|Any CPU = Debug|Any CPU
		Release|Any CPU = Release|Any CPU
	EndGlobalSection
	GlobalSection(ProjectConfigurationPlatforms) = postSolution
		{DAFB5D8E-311F-46D3-844B-1382C559A0F9}.Debug|Any CPU.ActiveCfg = Debug|Any CPU
		{DAFB5D8E-311F-46D3-844B-1382C559A0F9}.Debug|Any CPU.Build.0 = Debug|Any CPU
		{DAFB5D8E-311F-46D3-844B-1382C559A0F9}.Release|Any CPU.ActiveCfg = Release|Any CPU
		{DAFB5D8E-311F-46D3-844B-1382C559A0F9}.Release|Any CPU.Build.0 = Release|Any CPU
	EndGlobalSection
	GlobalSection(SolutionProperties) = preSolution
		HideSolutionNode = FALSE
	EndGlobalSection
	GlobalSection(ExtensibilityGlobals) = postSolution
		SolutionGuid = {3C42D239-316A-43E8-8BE7-53230430487F}
	EndGlobalSection
EndGlobal
