
Microsoft Visual Studio Solution File, Format Version 12.00
# Visual Studio Version 17
VisualStudioVersion = 17.10.35013.160
MinimumVisualStudioVersion = 10.0.40219.1
Project("{FAE04EC0-301F-11D3-BF4B-00C04F79EFBC}") = "Ex4", "Ex4\Ex4.csproj", "{4DA748B3-B501-437A-A7CD-EA33913B883C}"
EndProject
Global
	GlobalSection(SolutionConfigurationPlatforms) = preSolution
		Debug|Any CPU = Debug|Any CPU
		Release|Any CPU = Release|Any CPU
	EndGlobalSection
	GlobalSection(ProjectConfigurationPlatforms) = postSolution
		{4DA748B3-B501-437A-A7CD-EA33913B883C}.Debug|Any CPU.ActiveCfg = Debug|Any CPU
		{4DA748B3-B501-437A-A7CD-EA33913B883C}.Debug|Any CPU.Build.0 = Debug|Any CPU
		{4DA748B3-B501-437A-A7CD-EA33913B883C}.Release|Any CPU.ActiveCfg = Release|Any CPU
		{4DA748B3-B501-437A-A7CD-EA33913B883C}.Release|Any CPU.Build.0 = Release|Any CPU
	EndGlobalSection
	GlobalSection(SolutionProperties) = preSolution
		HideSolutionNode = FALSE
	EndGlobalSection
	GlobalSection(ExtensibilityGlobals) = postSolution
		SolutionGuid = {E5464561-31CA-474E-941E-7B20B8B6AD8D}
	EndGlobalSection
EndGlobal
