
Microsoft Visual Studio Solution File, Format Version 12.00
# Visual Studio Version 17
VisualStudioVersion = 17.10.35013.160
MinimumVisualStudioVersion = 10.0.40219.1
Project("{FAE04EC0-301F-11D3-BF4B-00C04F79EFBC}") = "Ex1", "Ex1\Ex1.csproj", "{A12F3AEA-9370-49C6-86BD-6A6FCF9A3AFB}"
EndProject
Global
	GlobalSection(SolutionConfigurationPlatforms) = preSolution
		Debug|Any CPU = Debug|Any CPU
		Release|Any CPU = Release|Any CPU
	EndGlobalSection
	GlobalSection(ProjectConfigurationPlatforms) = postSolution
		{A12F3AEA-9370-49C6-86BD-6A6FCF9A3AFB}.Debug|Any CPU.ActiveCfg = Debug|Any CPU
		{A12F3AEA-9370-49C6-86BD-6A6FCF9A3AFB}.Debug|Any CPU.Build.0 = Debug|Any CPU
		{A12F3AEA-9370-49C6-86BD-6A6FCF9A3AFB}.Release|Any CPU.ActiveCfg = Release|Any CPU
		{A12F3AEA-9370-49C6-86BD-6A6FCF9A3AFB}.Release|Any CPU.Build.0 = Release|Any CPU
	EndGlobalSection
	GlobalSection(SolutionProperties) = preSolution
		HideSolutionNode = FALSE
	EndGlobalSection
	GlobalSection(ExtensibilityGlobals) = postSolution
		SolutionGuid = {CA9812AD-E7F4-411B-9BD7-F196DA70D74D}
	EndGlobalSection
EndGlobal
