
Microsoft Visual Studio Solution File, Format Version 12.00
# Visual Studio Version 17
VisualStudioVersion = 17.10.35013.160
MinimumVisualStudioVersion = 10.0.40219.1
Project("{FAE04EC0-301F-11D3-BF4B-00C04F79EFBC}") = "Ex8", "Ex8\Ex8.csproj", "{7C026C9F-9E63-4A5C-A629-8B1D05846080}"
EndProject
Global
	GlobalSection(SolutionConfigurationPlatforms) = preSolution
		Debug|Any CPU = Debug|Any CPU
		Release|Any CPU = Release|Any CPU
	EndGlobalSection
	GlobalSection(ProjectConfigurationPlatforms) = postSolution
		{7C026C9F-9E63-4A5C-A629-8B1D05846080}.Debug|Any CPU.ActiveCfg = Debug|Any CPU
		{7C026C9F-9E63-4A5C-A629-8B1D05846080}.Debug|Any CPU.Build.0 = Debug|Any CPU
		{7C026C9F-9E63-4A5C-A629-8B1D05846080}.Release|Any CPU.ActiveCfg = Release|Any CPU
		{7C026C9F-9E63-4A5C-A629-8B1D05846080}.Release|Any CPU.Build.0 = Release|Any CPU
	EndGlobalSection
	GlobalSection(SolutionProperties) = preSolution
		HideSolutionNode = FALSE
	EndGlobalSection
	GlobalSection(ExtensibilityGlobals) = postSolution
		SolutionGuid = {EDEFF2BF-7B3A-4B4E-B586-5A44C5DCE031}
	EndGlobalSection
EndGlobal
